
Microsoft Visual Studio Solution File, Format Version 12.00
# Visual Studio 2012
Project("{FAE04EC0-301F-11D3-BF4B-00C04F79EFBC}") = "CheckoutKata", "CheckoutKata.csproj", "{67ECC435-1B60-41C0-923A-0BDF9F6EBD82}"
EndProject
Project("{FAE04EC0-301F-11D3-BF4B-00C04F79EFBC}") = "CheckoutKata.Tests", "..\CheckoutKata.Tests\CheckoutKata.Tests.csproj", "{0BE2CDC8-B9EC-4A3B-9FD9-293559E675A8}"
EndProject
Project("{2150E333-8FDC-42A3-9474-1A3956D46DE8}") = ".nuget", ".nuget", "{AB151E9B-1D93-40DF-861B-3EFE9F0CD672}"
	ProjectSection(SolutionItems) = preProject
		.nuget\NuGet.Config = .nuget\NuGet.Config
		.nuget\NuGet.exe = .nuget\NuGet.exe
		.nuget\NuGet.targets = .nuget\NuGet.targets
	EndProjectSection
EndProject
Global
	GlobalSection(SolutionConfigurationPlatforms) = preSolution
		Debug|Any CPU = Debug|Any CPU
		Release|Any CPU = Release|Any CPU
	EndGlobalSection
	GlobalSection(ProjectConfigurationPlatforms) = postSolution
		{67ECC435-1B60-41C0-923A-0BDF9F6EBD82}.Debug|Any CPU.ActiveCfg = Debug|Any CPU
		{67ECC435-1B60-41C0-923A-0BDF9F6EBD82}.Debug|Any CPU.Build.0 = Debug|Any CPU
		{67ECC435-1B60-41C0-923A-0BDF9F6EBD82}.Release|Any CPU.ActiveCfg = Release|Any CPU
		{67ECC435-1B60-41C0-923A-0BDF9F6EBD82}.Release|Any CPU.Build.0 = Release|Any CPU
		{0BE2CDC8-B9EC-4A3B-9FD9-293559E675A8}.Debug|Any CPU.ActiveCfg = Debug|Any CPU
		{0BE2CDC8-B9EC-4A3B-9FD9-293559E675A8}.Debug|Any CPU.Build.0 = Debug|Any CPU
		{0BE2CDC8-B9EC-4A3B-9FD9-293559E675A8}.Release|Any CPU.ActiveCfg = Release|Any CPU
		{0BE2CDC8-B9EC-4A3B-9FD9-293559E675A8}.Release|Any CPU.Build.0 = Release|Any CPU
	EndGlobalSection
	GlobalSection(SolutionProperties) = preSolution
		HideSolutionNode = FALSE
	EndGlobalSection
EndGlobal
